// !$*UTF8*$!
{
	archiveVersion = 1;
	classes = {
	};
	objectVersion = 56;
	objects = {

/* Begin PBXBuildFile section */
		981F6CF3293F7260007242AF /* AppDelegate.swift in Sources */ = {isa = PBXBuildFile; fileRef = 981F6CF2293F7260007242AF /* AppDelegate.swift */; };
		981F6CF5293F7260007242AF /* SceneDelegate.swift in Sources */ = {isa = PBXBuildFile; fileRef = 981F6CF4293F7260007242AF /* SceneDelegate.swift */; };
		981F6CF7293F7260007242AF /* ViewController.swift in Sources */ = {isa = PBXBuildFile; fileRef = 981F6CF6293F7260007242AF /* ViewController.swift */; };
		981F6CFA293F7260007242AF /* Main.storyboard in Resources */ = {isa = PBXBuildFile; fileRef = 981F6CF8293F7260007242AF /* Main.storyboard */; };
		981F6CFD293F7260007242AF /* coredata.xcdatamodeld in Sources */ = {isa = PBXBuildFile; fileRef = 981F6CFB293F7260007242AF /* coredata.xcdatamodeld */; };
		981F6CFF293F7261007242AF /* Assets.xcassets in Resources */ = {isa = PBXBuildFile; fileRef = 981F6CFE293F7261007242AF /* Assets.xcassets */; };
		981F6D02293F7261007242AF /* LaunchScreen.storyboard in Resources */ = {isa = PBXBuildFile; fileRef = 981F6D00293F7261007242AF /* LaunchScreen.storyboard */; };
		981F6D0D293F7261007242AF /* coredataTests.swift in Sources */ = {isa = PBXBuildFile; fileRef = 981F6D0C293F7261007242AF /* coredataTests.swift */; };
		981F6D17293F7261007242AF /* coredataUITests.swift in Sources */ = {isa = PBXBuildFile; fileRef = 981F6D16293F7261007242AF /* coredataUITests.swift */; };
		981F6D19293F7261007242AF /* coredataUITestsLaunchTests.swift in Sources */ = {isa = PBXBuildFile; fileRef = 981F6D18293F7261007242AF /* coredataUITestsLaunchTests.swift */; };
		987FD14A293F7E790032C705 /* ViewController2.swift in Sources */ = {isa = PBXBuildFile; fileRef = 987FD149293F7E790032C705 /* ViewController2.swift */; };
/* End PBXBuildFile section */

/* Begin PBXContainerItemProxy section */
		981F6D09293F7261007242AF /* PBXContainerItemProxy */ = {
			isa = PBXContainerItemProxy;
			containerPortal = 981F6CE7293F7260007242AF /* Project object */;
			proxyType = 1;
			remoteGlobalIDString = 981F6CEE293F7260007242AF;
			remoteInfo = coredata;
		};
		981F6D13293F7261007242AF /* PBXContainerItemProxy */ = {
			isa = PBXContainerItemProxy;
			containerPortal = 981F6CE7293F7260007242AF /* Project object */;
			proxyType = 1;
			remoteGlobalIDString = 981F6CEE293F7260007242AF;
			remoteInfo = coredata;
		};
/* End PBXContainerItemProxy section */

/* Begin PBXFileReference section */
		981F6CEF293F7260007242AF /* coredata.app */ = {isa = PBXFileReference; explicitFileType = wrapper.application; includeInIndex = 0; path = coredata.app; sourceTree = BUILT_PRODUCTS_DIR; };
		981F6CF2293F7260007242AF /* AppDelegate.swift */ = {isa = PBXFileReference; lastKnownFileType = sourcecode.swift; path = AppDelegate.swift; sourceTree = "<group>"; };
		981F6CF4293F7260007242AF /* SceneDelegate.swift */ = {isa = PBXFileReference; lastKnownFileType = sourcecode.swift; path = SceneDelegate.swift; sourceTree = "<group>"; };
		981F6CF6293F7260007242AF /* ViewController.swift */ = {isa = PBXFileReference; lastKnownFileType = sourcecode.swift; path = ViewController.swift; sourceTree = "<group>"; };
		981F6CF9293F7260007242AF /* Base */ = {isa = PBXFileReference; lastKnownFileType = file.storyboard; name = Base; path = Base.lproj/Main.storyboard; sourceTree = "<group>"; };
		981F6CFC293F7260007242AF /* coredata.xcdatamodel */ = {isa = PBXFileReference; lastKnownFileType = wrapper.xcdatamodel; path = coredata.xcdatamodel; sourceTree = "<group>"; };
		981F6CFE293F7261007242AF /* Assets.xcassets */ = {isa = PBXFileReference; lastKnownFileType = folder.assetcatalog; path = Assets.xcassets; sourceTree = "<group>"; };
		981F6D01293F7261007242AF /* Base */ = {isa = PBXFileReference; lastKnownFileType = file.storyboard; name = Base; path = Base.lproj/LaunchScreen.storyboard; sourceTree = "<group>"; };
		981F6D03293F7261007242AF /* Info.plist */ = {isa = PBXFileReference; lastKnownFileType = text.plist.xml; path = Info.plist; sourceTree = "<group>"; };
		981F6D08293F7261007242AF /* coredataTests.xctest */ = {isa = PBXFileReference; explicitFileType = wrapper.cfbundle; includeInIndex = 0; path = coredataTests.xctest; sourceTree = BUILT_PRODUCTS_DIR; };
		981F6D0C293F7261007242AF /* coredataTests.swift */ = {isa = PBXFileReference; lastKnownFileType = sourcecode.swift; path = coredataTests.swift; sourceTree = "<group>"; };
		981F6D12293F7261007242AF /* coredataUITests.xctest */ = {isa = PBXFileReference; explicitFileType = wrapper.cfbundle; includeInIndex = 0; path = coredataUITests.xctest; sourceTree = BUILT_PRODUCTS_DIR; };
		981F6D16293F7261007242AF /* coredataUITests.swift */ = {isa = PBXFileReference; lastKnownFileType = sourcecode.swift; path = coredataUITests.swift; sourceTree = "<group>"; };
		981F6D18293F7261007242AF /* coredataUITestsLaunchTests.swift */ = {isa = PBXFileReference; lastKnownFileType = sourcecode.swift; path = coredataUITestsLaunchTests.swift; sourceTree = "<group>"; };
		987FD149293F7E790032C705 /* ViewController2.swift */ = {isa = PBXFileReference; lastKnownFileType = sourcecode.swift; path = ViewController2.swift; sourceTree = "<group>"; };
/* End PBXFileReference section */

/* Begin PBXFrameworksBuildPhase section */
		981F6CEC293F7260007242AF /* Frameworks */ = {
			isa = PBXFrameworksBuildPhase;
			buildActionMask = 2147483647;
			files = (
			);
			runOnlyForDeploymentPostprocessing = 0;
		};
		981F6D05293F7261007242AF /* Frameworks */ = {
			isa = PBXFrameworksBuildPhase;
			buildActionMask = 2147483647;
			files = (
			);
			runOnlyForDeploymentPostprocessing = 0;
		};
		981F6D0F293F7261007242AF /* Frameworks */ = {
			isa = PBXFrameworksBuildPhase;
			buildActionMask = 2147483647;
			files = (
			);
			runOnlyForDeploymentPostprocessing = 0;
		};
/* End PBXFrameworksBuildPhase section */

/* Begin PBXGroup section */
		981F6CE6293F7260007242AF = {
			isa = PBXGroup;
			children = (
				981F6CF1293F7260007242AF /* coredata */,
				981F6D0B293F7261007242AF /* coredataTests */,
				981F6D15293F7261007242AF /* coredataUITests */,
				981F6CF0293F7260007242AF /* Products */,
			);
			sourceTree = "<group>";
		};
		981F6CF0293F7260007242AF /* Products */ = {
			isa = PBXGroup;
			children = (
				981F6CEF293F7260007242AF /* coredata.app */,
				981F6D08293F7261007242AF /* coredataTests.xctest */,
				981F6D12293F7261007242AF /* coredataUITests.xctest */,
			);
			name = Products;
			sourceTree = "<group>";
		};
		981F6CF1293F7260007242AF /* coredata */ = {
			isa = PBXGroup;
			children = (
				981F6CF2293F7260007242AF /* AppDelegate.swift */,
				981F6CF4293F7260007242AF /* SceneDelegate.swift */,
				981F6CF6293F7260007242AF /* ViewController.swift */,
				987FD149293F7E790032C705 /* ViewController2.swift */,
				981F6CF8293F7260007242AF /* Main.storyboard */,
				981F6CFE293F7261007242AF /* Assets.xcassets */,
				981F6D00293F7261007242AF /* LaunchScreen.storyboard */,
				981F6D03293F7261007242AF /* Info.plist */,
				981F6CFB293F7260007242AF /* coredata.xcdatamodeld */,
			);
			path = coredata;
			sourceTree = "<group>";
		};
		981F6D0B293F7261007242AF /* coredataTests */ = {
			isa = PBXGroup;
			children = (
				981F6D0C293F7261007242AF /* coredataTests.swift */,
			);
			path = coredataTests;
			sourceTree = "<group>";
		};
		981F6D15293F7261007242AF /* coredataUITests */ = {
			isa = PBXGroup;
			children = (
				981F6D16293F7261007242AF /* coredataUITests.swift */,
				981F6D18293F7261007242AF /* coredataUITestsLaunchTests.swift */,
			);
			path = coredataUITests;
			sourceTree = "<group>";
		};
/* End PBXGroup section */

/* Begin PBXNativeTarget section */
		981F6CEE293F7260007242AF /* coredata */ = {
			isa = PBXNativeTarget;
			buildConfigurationList = 981F6D1C293F7261007242AF /* Build configuration list for PBXNativeTarget "coredata" */;
			buildPhases = (
				981F6CEB293F7260007242AF /* Sources */,
				981F6CEC293F7260007242AF /* Frameworks */,
				981F6CED293F7260007242AF /* Resources */,
			);
			buildRules = (
			);
			dependencies = (
			);
			name = coredata;
			productName = coredata;
			productReference = 981F6CEF293F7260007242AF /* coredata.app */;
			productType = "com.apple.product-type.application";
		};
		981F6D07293F7261007242AF /* coredataTests */ = {
			isa = PBXNativeTarget;
			buildConfigurationList = 981F6D1F293F7261007242AF /* Build configuration list for PBXNativeTarget "coredataTests" */;
			buildPhases = (
				981F6D04293F7261007242AF /* Sources */,
				981F6D05293F7261007242AF /* Frameworks */,
				981F6D06293F7261007242AF /* Resources */,
			);
			buildRules = (
			);
			dependencies = (
				981F6D0A293F7261007242AF /* PBXTargetDependency */,
			);
			name = coredataTests;
			productName = coredataTests;
			productReference = 981F6D08293F7261007242AF /* coredataTests.xctest */;
			productType = "com.apple.product-type.bundle.unit-test";
		};
		981F6D11293F7261007242AF /* coredataUITests */ = {
			isa = PBXNativeTarget;
			buildConfigurationList = 981F6D22293F7261007242AF /* Build configuration list for PBXNativeTarget "coredataUITests" */;
			buildPhases = (
				981F6D0E293F7261007242AF /* Sources */,
				981F6D0F293F7261007242AF /* Frameworks */,
				981F6D10293F7261007242AF /* Resources */,
			);
			buildRules = (
			);
			dependencies = (
				981F6D14293F7261007242AF /* PBXTargetDependency */,
			);
			name = coredataUITests;
			productName = coredataUITests;
			productReference = 981F6D12293F7261007242AF /* coredataUITests.xctest */;
			productType = "com.apple.product-type.bundle.ui-testing";
		};
/* End PBXNativeTarget section */

/* Begin PBXProject section */
		981F6CE7293F7260007242AF /* Project object */ = {
			isa = PBXProject;
			attributes = {
				BuildIndependentTargetsInParallel = 1;
				LastSwiftUpdateCheck = 1410;
				LastUpgradeCheck = 1410;
				TargetAttributes = {
					981F6CEE293F7260007242AF = {
						CreatedOnToolsVersion = 14.1;
					};
					981F6D07293F7261007242AF = {
						CreatedOnToolsVersion = 14.1;
						TestTargetID = 981F6CEE293F7260007242AF;
					};
					981F6D11293F7261007242AF = {
						CreatedOnToolsVersion = 14.1;
						TestTargetID = 981F6CEE293F7260007242AF;
					};
				};
			};
			buildConfigurationList = 981F6CEA293F7260007242AF /* Build configuration list for PBXProject "coredata" */;
			compatibilityVersion = "Xcode 14.0";
			developmentRegion = en;
			hasScannedForEncodings = 0;
			knownRegions = (
				en,
				Base,
			);
			mainGroup = 981F6CE6293F7260007242AF;
			productRefGroup = 981F6CF0293F7260007242AF /* Products */;
			projectDirPath = "";
			projectRoot = "";
			targets = (
				981F6CEE293F7260007242AF /* coredata */,
				981F6D07293F7261007242AF /* coredataTests */,
				981F6D11293F7261007242AF /* coredataUITests */,
			);
		};
/* End PBXProject section */

/* Begin PBXResourcesBuildPhase section */
		981F6CED293F7260007242AF /* Resources */ = {
			isa = PBXResourcesBuildPhase;
			buildActionMask = 2147483647;
			files = (
				981F6D02293F7261007242AF /* LaunchScreen.storyboard in Resources */,
				981F6CFF293F7261007242AF /* Assets.xcassets in Resources */,
				981F6CFA293F7260007242AF /* Main.storyboard in Resources */,
			);
			runOnlyForDeploymentPostprocessing = 0;
		};
		981F6D06293F7261007242AF /* Resources */ = {
			isa = PBXResourcesBuildPhase;
			buildActionMask = 2147483647;
			files = (
			);
			runOnlyForDeploymentPostprocessing = 0;
		};
		981F6D10293F7261007242AF /* Resources */ = {
			isa = PBXResourcesBuildPhase;
			buildActionMask = 2147483647;
			files = (
			);
			runOnlyForDeploymentPostprocessing = 0;
		};
/* End PBXResourcesBuildPhase section */

/* Begin PBXSourcesBuildPhase section */
		981F6CEB293F7260007242AF /* Sources */ = {
			isa = PBXSourcesBuildPhase;
			buildActionMask = 2147483647;
			files = (
				987FD14A293F7E790032C705 /* ViewController2.swift in Sources */,
				981F6CFD293F7260007242AF /* coredata.xcdatamodeld in Sources */,
				981F6CF7293F7260007242AF /* ViewController.swift in Sources */,
				981F6CF3293F7260007242AF /* AppDelegate.swift in Sources */,
				981F6CF5293F7260007242AF /* SceneDelegate.swift in Sources */,
			);
			runOnlyForDeploymentPostprocessing = 0;
		};
		981F6D04293F7261007242AF /* Sources */ = {
			isa = PBXSourcesBuildPhase;
			buildActionMask = 2147483647;
			files = (
				981F6D0D293F7261007242AF /* coredataTests.swift in Sources */,
			);
			runOnlyForDeploymentPostprocessing = 0;
		};
		981F6D0E293F7261007242AF /* Sources */ = {
			isa = PBXSourcesBuildPhase;
			buildActionMask = 2147483647;
			files = (
				981F6D19293F7261007242AF /* coredataUITestsLaunchTests.swift in Sources */,
				981F6D17293F7261007242AF /* coredataUITests.swift in Sources */,
			);
			runOnlyForDeploymentPostprocessing = 0;
		};
/* End PBXSourcesBuildPhase section */

/* Begin PBXTargetDependency section */
		981F6D0A293F7261007242AF /* PBXTargetDependency */ = {
			isa = PBXTargetDependency;
			target = 981F6CEE293F7260007242AF /* coredata */;
			targetProxy = 981F6D09293F7261007242AF /* PBXContainerItemProxy */;
		};
		981F6D14293F7261007242AF /* PBXTargetDependency */ = {
			isa = PBXTargetDependency;
			target = 981F6CEE293F7260007242AF /* coredata */;
			targetProxy = 981F6D13293F7261007242AF /* PBXContainerItemProxy */;
		};
/* End PBXTargetDependency section */

/* Begin PBXVariantGroup section */
		981F6CF8293F7260007242AF /* Main.storyboard */ = {
			isa = PBXVariantGroup;
			children = (
				981F6CF9293F7260007242AF /* Base */,
			);
			name = Main.storyboard;
			sourceTree = "<group>";
		};
		981F6D00293F7261007242AF /* LaunchScreen.storyboard */ = {
			isa = PBXVariantGroup;
			children = (
				981F6D01293F7261007242AF /* Base */,
			);
			name = LaunchScreen.storyboard;
			sourceTree = "<group>";
		};
/* End PBXVariantGroup section */

/* Begin XCBuildConfiguration section */
		981F6D1A293F7261007242AF /* Debug */ = {
			isa = XCBuildConfiguration;
			buildSettings = {
				ALWAYS_SEARCH_USER_PATHS = NO;
				CLANG_ANALYZER_NONNULL = YES;
				CLANG_ANALYZER_NUMBER_OBJECT_CONVERSION = YES_AGGRESSIVE;
				CLANG_CXX_LANGUAGE_STANDARD = "gnu++20";
				CLANG_ENABLE_MODULES = YES;
				CLANG_ENABLE_OBJC_ARC = YES;
				CLANG_ENABLE_OBJC_WEAK = YES;
				CLANG_WARN_BLOCK_CAPTURE_AUTORELEASING = YES;
				CLANG_WARN_BOOL_CONVERSION = YES;
				CLANG_WARN_COMMA = YES;
				CLANG_WARN_CONSTANT_CONVERSION = YES;
				CLANG_WARN_DEPRECATED_OBJC_IMPLEMENTATIONS = YES;
				CLANG_WARN_DIRECT_OBJC_ISA_USAGE = YES_ERROR;
				CLANG_WARN_DOCUMENTATION_COMMENTS = YES;
				CLANG_WARN_EMPTY_BODY = YES;
				CLANG_WARN_ENUM_CONVERSION = YES;
				CLANG_WARN_INFINITE_RECURSION = YES;
				CLANG_WARN_INT_CONVERSION = YES;
				CLANG_WARN_NON_LITERAL_NULL_CONVERSION = YES;
				CLANG_WARN_OBJC_IMPLICIT_RETAIN_SELF = YES;
				CLANG_WARN_OBJC_LITERAL_CONVERSION = YES;
				CLANG_WARN_OBJC_ROOT_CLASS = YES_ERROR;
				CLANG_WARN_QUOTED_INCLUDE_IN_FRAMEWORK_HEADER = YES;
				CLANG_WARN_RANGE_LOOP_ANALYSIS = YES;
				CLANG_WARN_STRICT_PROTOTYPES = YES;
				CLANG_WARN_SUSPICIOUS_MOVE = YES;
				CLANG_WARN_UNGUARDED_AVAILABILITY = YES_AGGRESSIVE;
				CLANG_WARN_UNREACHABLE_CODE = YES;
				CLANG_WARN__DUPLICATE_METHOD_MATCH = YES;
				COPY_PHASE_STRIP = NO;
				DEBUG_INFORMATION_FORMAT = dwarf;
				ENABLE_STRICT_OBJC_MSGSEND = YES;
				ENABLE_TESTABILITY = YES;
				GCC_C_LANGUAGE_STANDARD = gnu11;
				GCC_DYNAMIC_NO_PIC = NO;
				GCC_NO_COMMON_BLOCKS = YES;
				GCC_OPTIMIZATION_LEVEL = 0;
				GCC_PREPROCESSOR_DEFINITIONS = (
					"DEBUG=1",
					"$(inherited)",
				);
				GCC_WARN_64_TO_32_BIT_CONVERSION = YES;
				GCC_WARN_ABOUT_RETURN_TYPE = YES_ERROR;
				GCC_WARN_UNDECLARED_SELECTOR = YES;
				GCC_WARN_UNINITIALIZED_AUTOS = YES_AGGRESSIVE;
				GCC_WARN_UNUSED_FUNCTION = YES;
				GCC_WARN_UNUSED_VARIABLE = YES;
				IPHONEOS_DEPLOYMENT_TARGET = 16.1;
				MTL_ENABLE_DEBUG_INFO = INCLUDE_SOURCE;
				MTL_FAST_MATH = YES;
				ONLY_ACTIVE_ARCH = YES;
				SDKROOT = iphoneos;
				SWIFT_ACTIVE_COMPILATION_CONDITIONS = DEBUG;
				SWIFT_OPTIMIZATION_LEVEL = "-Onone";
			};
			name = Debug;
		};
		981F6D1B293F7261007242AF /* Release */ = {
			isa = XCBuildConfiguration;
			buildSettings = {
				ALWAYS_SEARCH_USER_PATHS = NO;
				CLANG_ANALYZER_NONNULL = YES;
				CLANG_ANALYZER_NUMBER_OBJECT_CONVERSION = YES_AGGRESSIVE;
				CLANG_CXX_LANGUAGE_STANDARD = "gnu++20";
				CLANG_ENABLE_MODULES = YES;
				CLANG_ENABLE_OBJC_ARC = YES;
				CLANG_ENABLE_OBJC_WEAK = YES;
				CLANG_WARN_BLOCK_CAPTURE_AUTORELEASING = YES;
				CLANG_WARN_BOOL_CONVERSION = YES;
				CLANG_WARN_COMMA = YES;
				CLANG_WARN_CONSTANT_CONVERSION = YES;
				CLANG_WARN_DEPRECATED_OBJC_IMPLEMENTATIONS = YES;
				CLANG_WARN_DIRECT_OBJC_ISA_USAGE = YES_ERROR;
				CLANG_WARN_DOCUMENTATION_COMMENTS = YES;
				CLANG_WARN_EMPTY_BODY = YES;
				CLANG_WARN_ENUM_CONVERSION = YES;
				CLANG_WARN_INFINITE_RECURSION = YES;
				CLANG_WARN_INT_CONVERSION = YES;
				CLANG_WARN_NON_LITERAL_NULL_CONVERSION = YES;
				CLANG_WARN_OBJC_IMPLICIT_RETAIN_SELF = YES;
				CLANG_WARN_OBJC_LITERAL_CONVERSION = YES;
				CLANG_WARN_OBJC_ROOT_CLASS = YES_ERROR;
				CLANG_WARN_QUOTED_INCLUDE_IN_FRAMEWORK_HEADER = YES;
				CLANG_WARN_RANGE_LOOP_ANALYSIS = YES;
				CLANG_WARN_STRICT_PROTOTYPES = YES;
				CLANG_WARN_SUSPICIOUS_MOVE = YES;
				CLANG_WARN_UNGUARDED_AVAILABILITY = YES_AGGRESSIVE;
				CLANG_WARN_UNREACHABLE_CODE = YES;
				CLANG_WARN__DUPLICATE_METHOD_MATCH = YES;
				COPY_PHASE_STRIP = NO;
				DEBUG_INFORMATION_FORMAT = "dwarf-with-dsym";
				ENABLE_NS_ASSERTIONS = NO;
				ENABLE_STRICT_OBJC_MSGSEND = YES;
				GCC_C_LANGUAGE_STANDARD = gnu11;
				GCC_NO_COMMON_BLOCKS = YES;
				GCC_WARN_64_TO_32_BIT_CONVERSION = YES;
				GCC_WARN_ABOUT_RETURN_TYPE = YES_ERROR;
				GCC_WARN_UNDECLARED_SELECTOR = YES;
				GCC_WARN_UNINITIALIZED_AUTOS = YES_AGGRESSIVE;
				GCC_WARN_UNUSED_FUNCTION = YES;
				GCC_WARN_UNUSED_VARIABLE = YES;
				IPHONEOS_DEPLOYMENT_TARGET = 16.1;
				MTL_ENABLE_DEBUG_INFO = NO;
				MTL_FAST_MATH = YES;
				SDKROOT = iphoneos;
				SWIFT_COMPILATION_MODE = wholemodule;
				SWIFT_OPTIMIZATION_LEVEL = "-O";
				VALIDATE_PRODUCT = YES;
			};
			name = Release;
		};
		981F6D1D293F7261007242AF /* Debug */ = {
			isa = XCBuildConfiguration;
			buildSettings = {
				ASSETCATALOG_COMPILER_APPICON_NAME = AppIcon;
				ASSETCATALOG_COMPILER_GLOBAL_ACCENT_COLOR_NAME = AccentColor;
				CODE_SIGN_STYLE = Automatic;
				CURRENT_PROJECT_VERSION = 1;
				GENERATE_INFOPLIST_FILE = YES;
				INFOPLIST_FILE = coredata/Info.plist;
				INFOPLIST_KEY_UIApplicationSupportsIndirectInputEvents = YES;
				INFOPLIST_KEY_UILaunchStoryboardName = LaunchScreen;
				INFOPLIST_KEY_UIMainStoryboardFile = Main;
				INFOPLIST_KEY_UISupportedInterfaceOrientations_iPad = "UIInterfaceOrientationPortrait UIInterfaceOrientationPortraitUpsideDown UIInterfaceOrientationLandscapeLeft UIInterfaceOrientationLandscapeRight";
				INFOPLIST_KEY_UISupportedInterfaceOrientations_iPhone = "UIInterfaceOrientationPortrait UIInterfaceOrientationLandscapeLeft UIInterfaceOrientationLandscapeRight";
				LD_RUNPATH_SEARCH_PATHS = (
					"$(inherited)",
					"@executable_path/Frameworks",
				);
				MARKETING_VERSION = 1.0;
				PRODUCT_BUNDLE_IDENTIFIER = info.coredata;
				PRODUCT_NAME = "$(TARGET_NAME)";
				SWIFT_EMIT_LOC_STRINGS = YES;
				SWIFT_VERSION = 5.0;
				TARGETED_DEVICE_FAMILY = "1,2";
			};
			name = Debug;
		};
		981F6D1E293F7261007242AF /* Release */ = {
			isa = XCBuildConfiguration;
			buildSettings = {
				ASSETCATALOG_COMPILER_APPICON_NAME = AppIcon;
				ASSETCATALOG_COMPILER_GLOBAL_ACCENT_COLOR_NAME = AccentColor;
				CODE_SIGN_STYLE = Automatic;
				CURRENT_PROJECT_VERSION = 1;
				GENERATE_INFOPLIST_FILE = YES;
				INFOPLIST_FILE = coredata/Info.plist;
				INFOPLIST_KEY_UIApplicationSupportsIndirectInputEvents = YES;
				INFOPLIST_KEY_UILaunchStoryboardName = LaunchScreen;
				INFOPLIST_KEY_UIMainStoryboardFile = Main;
				INFOPLIST_KEY_UISupportedInterfaceOrientations_iPad = "UIInterfaceOrientationPortrait UIInterfaceOrientationPortraitUpsideDown UIInterfaceOrientationLandscapeLeft UIInterfaceOrientationLandscapeRight";
				INFOPLIST_KEY_UISupportedInterfaceOrientations_iPhone = "UIInterfaceOrientationPortrait UIInterfaceOrientationLandscapeLeft UIInterfaceOrientationLandscapeRight";
				LD_RUNPATH_SEARCH_PATHS = (
					"$(inherited)",
					"@executable_path/Frameworks",
				);
				MARKETING_VERSION = 1.0;
				PRODUCT_BUNDLE_IDENTIFIER = info.coredata;
				PRODUCT_NAME = "$(TARGET_NAME)";
				SWIFT_EMIT_LOC_STRINGS = YES;
				SWIFT_VERSION = 5.0;
				TARGETED_DEVICE_FAMILY = "1,2";
			};
			name = Release;
		};
		981F6D20293F7261007242AF /* Debug */ = {
			isa = XCBuildConfiguration;
			buildSettings = {
				ALWAYS_EMBED_SWIFT_STANDARD_LIBRARIES = YES;
				BUNDLE_LOADER = "$(TEST_HOST)";
				CODE_SIGN_STYLE = Automatic;
				CURRENT_PROJECT_VERSION = 1;
				GENERATE_INFOPLIST_FILE = YES;
				IPHONEOS_DEPLOYMENT_TARGET = 16.1;
				MARKETING_VERSION = 1.0;
				PRODUCT_BUNDLE_IDENTIFIER = info.coredataTests;
				PRODUCT_NAME = "$(TARGET_NAME)";
				SWIFT_EMIT_LOC_STRINGS = NO;
				SWIFT_VERSION = 5.0;
				TARGETED_DEVICE_FAMILY = "1,2";
				TEST_HOST = "$(BUILT_PRODUCTS_DIR)/coredata.app/$(BUNDLE_EXECUTABLE_FOLDER_PATH)/coredata";
			};
			name = Debug;
		};
		981F6D21293F7261007242AF /* Release */ = {
			isa = XCBuildConfiguration;
			buildSettings = {
				ALWAYS_EMBED_SWIFT_STANDARD_LIBRARIES = YES;
				BUNDLE_LOADER = "$(TEST_HOST)";
				CODE_SIGN_STYLE = Automatic;
				CURRENT_PROJECT_VERSION = 1;
				GENERATE_INFOPLIST_FILE = YES;
				IPHONEOS_DEPLOYMENT_TARGET = 16.1;
				MARKETING_VERSION = 1.0;
				PRODUCT_BUNDLE_IDENTIFIER = info.coredataTests;
				PRODUCT_NAME = "$(TARGET_NAME)";
				SWIFT_EMIT_LOC_STRINGS = NO;
				SWIFT_VERSION = 5.0;
				TARGETED_DEVICE_FAMILY = "1,2";
				TEST_HOST = "$(BUILT_PRODUCTS_DIR)/coredata.app/$(BUNDLE_EXECUTABLE_FOLDER_PATH)/coredata";
			};
			name = Release;
		};
		981F6D23293F7261007242AF /* Debug */ = {
			isa = XCBuildConfiguration;
			buildSettings = {
				ALWAYS_EMBED_SWIFT_STANDARD_LIBRARIES = YES;
				CODE_SIGN_STYLE = Automatic;
				CURRENT_PROJECT_VERSION = 1;
				GENERATE_INFOPLIST_FILE = YES;
				MARKETING_VERSION = 1.0;
				PRODUCT_BUNDLE_IDENTIFIER = info.coredataUITests;
				PRODUCT_NAME = "$(TARGET_NAME)";
				SWIFT_EMIT_LOC_STRINGS = NO;
				SWIFT_VERSION = 5.0;
				TARGETED_DEVICE_FAMILY = "1,2";
				TEST_TARGET_NAME = coredata;
			};
			name = Debug;
		};
		981F6D24293F7261007242AF /* Release */ = {
			isa = XCBuildConfiguration;
			buildSettings = {
				ALWAYS_EMBED_SWIFT_STANDARD_LIBRARIES = YES;
				CODE_SIGN_STYLE = Automatic;
				CURRENT_PROJECT_VERSION = 1;
				GENERATE_INFOPLIST_FILE = YES;
				MARKETING_VERSION = 1.0;
				PRODUCT_BUNDLE_IDENTIFIER = info.coredataUITests;
				PRODUCT_NAME = "$(TARGET_NAME)";
				SWIFT_EMIT_LOC_STRINGS = NO;
				SWIFT_VERSION = 5.0;
				TARGETED_DEVICE_FAMILY = "1,2";
				TEST_TARGET_NAME = coredata;
			};
			name = Release;
		};
/* End XCBuildConfiguration section */

/* Begin XCConfigurationList section */
		981F6CEA293F7260007242AF /* Build configuration list for PBXProject "coredata" */ = {
			isa = XCConfigurationList;
			buildConfigurations = (
				981F6D1A293F7261007242AF /* Debug */,
				981F6D1B293F7261007242AF /* Release */,
			);
			defaultConfigurationIsVisible = 0;
			defaultConfigurationName = Release;
		};
		981F6D1C293F7261007242AF /* Build configuration list for PBXNativeTarget "coredata" */ = {
			isa = XCConfigurationList;
			buildConfigurations = (
				981F6D1D293F7261007242AF /* Debug */,
				981F6D1E293F7261007242AF /* Release */,
			);
			defaultConfigurationIsVisible = 0;
			defaultConfigurationName = Release;
		};
		981F6D1F293F7261007242AF /* Build configuration list for PBXNativeTarget "coredataTests" */ = {
			isa = XCConfigurationList;
			buildConfigurations = (
				981F6D20293F7261007242AF /* Debug */,
				981F6D21293F7261007242AF /* Release */,
			);
			defaultConfigurationIsVisible = 0;
			defaultConfigurationName = Release;
		};
		981F6D22293F7261007242AF /* Build configuration list for PBXNativeTarget "coredataUITests" */ = {
			isa = XCConfigurationList;
			buildConfigurations = (
				981F6D23293F7261007242AF /* Debug */,
				981F6D24293F7261007242AF /* Release */,
			);
			defaultConfigurationIsVisible = 0;
			defaultConfigurationName = Release;
		};
/* End XCConfigurationList section */

/* Begin XCVersionGroup section */
		981F6CFB293F7260007242AF /* coredata.xcdatamodeld */ = {
			isa = XCVersionGroup;
			children = (
				981F6CFC293F7260007242AF /* coredata.xcdatamodel */,
			);
			currentVersion = 981F6CFC293F7260007242AF /* coredata.xcdatamodel */;
			path = coredata.xcdatamodeld;
			sourceTree = "<group>";
			versionGroupType = wrapper.xcdatamodel;
		};
/* End XCVersionGroup section */
	};
	rootObject = 981F6CE7293F7260007242AF /* Project object */;
}
